// !$*UTF8*$!
{
	archiveVersion = 1;
	classes = {
	};
	objectVersion = 56;
	objects = {

/* Begin PBXBuildFile section */
		561B30092A4880ED00494669 /* WaterfulApp.swift in Sources */ = {isa = PBXBuildFile; fileRef = 561B30082A4880ED00494669 /* WaterfulApp.swift */; };
		561B300D2A4880EE00494669 /* Assets.xcassets in Resources */ = {isa = PBXBuildFile; fileRef = 561B300C2A4880EE00494669 /* Assets.xcassets */; };
		561B30102A4880EE00494669 /* Preview Assets.xcassets in Resources */ = {isa = PBXBuildFile; fileRef = 561B300F2A4880EE00494669 /* Preview Assets.xcassets */; };
		564CDC352A4F0D19007AF6E7 /* SignInEmailViewModel.swift in Sources */ = {isa = PBXBuildFile; fileRef = 564CDC342A4F0D19007AF6E7 /* SignInEmailViewModel.swift */; };
		564CDC372A4F0D68007AF6E7 /* PreAuthViewModel.swift in Sources */ = {isa = PBXBuildFile; fileRef = 564CDC362A4F0D68007AF6E7 /* PreAuthViewModel.swift */; };
		564CDC3B2A4F0EC3007AF6E7 /* HomeViewModel.swift in Sources */ = {isa = PBXBuildFile; fileRef = 564CDC3A2A4F0EC3007AF6E7 /* HomeViewModel.swift */; };
		5660315C2A572DFD00F5EDC2 /* SettingsView.swift in Sources */ = {isa = PBXBuildFile; fileRef = 5660315B2A572DFD00F5EDC2 /* SettingsView.swift */; };
		566031602A572F7F00F5EDC2 /* MainView.swift in Sources */ = {isa = PBXBuildFile; fileRef = 5660315F2A572F7F00F5EDC2 /* MainView.swift */; };
		566031622A573B7E00F5EDC2 /* SettingsViewModel.swift in Sources */ = {isa = PBXBuildFile; fileRef = 566031612A573B7E00F5EDC2 /* SettingsViewModel.swift */; };
		5664DF0B2A4A187A0062FAD2 /* SignInEmailView.swift in Sources */ = {isa = PBXBuildFile; fileRef = 5664DF0A2A4A187A0062FAD2 /* SignInEmailView.swift */; };
		5664DF102A4A31320062FAD2 /* GoogleSignIn in Frameworks */ = {isa = PBXBuildFile; productRef = 5664DF0F2A4A31320062FAD2 /* GoogleSignIn */; };
		5664DF122A4A31320062FAD2 /* GoogleSignInSwift in Frameworks */ = {isa = PBXBuildFile; productRef = 5664DF112A4A31320062FAD2 /* GoogleSignInSwift */; };
		5664DF192A4B4E9B0062FAD2 /* SignInWithGoogleHelper.swift in Sources */ = {isa = PBXBuildFile; fileRef = 5664DF182A4B4E9B0062FAD2 /* SignInWithGoogleHelper.swift */; };
		5664DF1D2A4B813F0062FAD2 /* GoogleService-Info.plist in Resources */ = {isa = PBXBuildFile; fileRef = 5664DF1C2A4B813F0062FAD2 /* GoogleService-Info.plist */; };
		5664DF212A4C947A0062FAD2 /* SignInWithAppleHelper.swift in Sources */ = {isa = PBXBuildFile; fileRef = 5664DF202A4C947A0062FAD2 /* SignInWithAppleHelper.swift */; };
		5664DF232A4C987B0062FAD2 /* FirebaseFirestore in Frameworks */ = {isa = PBXBuildFile; productRef = 5664DF222A4C987B0062FAD2 /* FirebaseFirestore */; };
		5664DF252A4C987B0062FAD2 /* FirebaseFirestoreSwift in Frameworks */ = {isa = PBXBuildFile; productRef = 5664DF242A4C987B0062FAD2 /* FirebaseFirestoreSwift */; };
		566E6D812A498B1300ED60DA /* SignUpEmailView.swift in Sources */ = {isa = PBXBuildFile; fileRef = 566E6D802A498B1300ED60DA /* SignUpEmailView.swift */; };
		567082C12AAE251D0033364E /* CustomButton.swift in Sources */ = {isa = PBXBuildFile; fileRef = 567082C02AAE251D0033364E /* CustomButton.swift */; };
		567C2D8B2A4CB8EC00F048A3 /* SplashView.swift in Sources */ = {isa = PBXBuildFile; fileRef = 567C2D8A2A4CB8EC00F048A3 /* SplashView.swift */; };
		568D74262A60357100752955 /* UserManager.swift in Sources */ = {isa = PBXBuildFile; fileRef = 568D74252A60357100752955 /* UserManager.swift */; };
		568D74312A6304B800752955 /* SignUpViewModel.swift in Sources */ = {isa = PBXBuildFile; fileRef = 568D74302A6304B800752955 /* SignUpViewModel.swift */; };
		568D74352A633C3A00752955 /* Utilities.swift in Sources */ = {isa = PBXBuildFile; fileRef = 568D74342A633C3A00752955 /* Utilities.swift */; };
		56B5B7112A56FF4E0047FB4E /* WaterfulApp.swift in Sources */ = {isa = PBXBuildFile; fileRef = 56B5B7102A56FF4E0047FB4E /* WaterfulApp.swift */; };
		56B5B7132A56FF4E0047FB4E /* ContentView.swift in Sources */ = {isa = PBXBuildFile; fileRef = 56B5B7122A56FF4E0047FB4E /* ContentView.swift */; };
		56B5B7152A56FF500047FB4E /* Assets.xcassets in Resources */ = {isa = PBXBuildFile; fileRef = 56B5B7142A56FF500047FB4E /* Assets.xcassets */; };
		56B5B7182A56FF500047FB4E /* Preview Assets.xcassets in Resources */ = {isa = PBXBuildFile; fileRef = 56B5B7172A56FF500047FB4E /* Preview Assets.xcassets */; };
		56B5B71B2A56FF500047FB4E /* Waterful.app in Embed Watch Content */ = {isa = PBXBuildFile; fileRef = 56B5B70E2A56FF4E0047FB4E /* Waterful.app */; settings = {ATTRIBUTES = (RemoveHeadersOnCopy, ); }; };
		56E14EDB2A48834E00967797 /* FirebaseAnalytics in Frameworks */ = {isa = PBXBuildFile; productRef = 56E14EDA2A48834E00967797 /* FirebaseAnalytics */; };
		56E14EDD2A48834E00967797 /* FirebaseAnalyticsSwift in Frameworks */ = {isa = PBXBuildFile; productRef = 56E14EDC2A48834E00967797 /* FirebaseAnalyticsSwift */; };
		56E14EE02A4884ED00967797 /* FirebaseAuth in Frameworks */ = {isa = PBXBuildFile; productRef = 56E14EDF2A4884ED00967797 /* FirebaseAuth */; };
		56E14EE72A488A8F00967797 /* AuthenticationManager.swift in Sources */ = {isa = PBXBuildFile; fileRef = 56E14EE62A488A8F00967797 /* AuthenticationManager.swift */; };
		56E14EEF2A48A50B00967797 /* PreAuthView.swift in Sources */ = {isa = PBXBuildFile; fileRef = 56E14EEE2A48A50B00967797 /* PreAuthView.swift */; };
		56E14EF32A48B7F700967797 /* PasswordForgetView.swift in Sources */ = {isa = PBXBuildFile; fileRef = 56E14EF22A48B7F700967797 /* PasswordForgetView.swift */; };
		56E14EF52A48B88E00967797 /* HomeView.swift in Sources */ = {isa = PBXBuildFile; fileRef = 56E14EF42A48B88E00967797 /* HomeView.swift */; };
		56FA6D772AAF07F400996800 /* PopupView in Frameworks */ = {isa = PBXBuildFile; productRef = 56FA6D762AAF07F400996800 /* PopupView */; };
/* End PBXBuildFile section */

/* Begin PBXContainerItemProxy section */
		56B5B7192A56FF500047FB4E /* PBXContainerItemProxy */ = {
			isa = PBXContainerItemProxy;
			containerPortal = 561B2FFD2A4880ED00494669 /* Project object */;
			proxyType = 1;
			remoteGlobalIDString = 56B5B70D2A56FF4E0047FB4E;
			remoteInfo = "WaterfulWatch Watch App";
		};
/* End PBXContainerItemProxy section */

/* Begin PBXCopyFilesBuildPhase section */
		56B5B71F2A56FF500047FB4E /* Embed Watch Content */ = {
			isa = PBXCopyFilesBuildPhase;
			buildActionMask = 2147483647;
			dstPath = "$(CONTENTS_FOLDER_PATH)/Watch";
			dstSubfolderSpec = 16;
			files = (
				56B5B71B2A56FF500047FB4E /* Waterful.app in Embed Watch Content */,
			);
			name = "Embed Watch Content";
			runOnlyForDeploymentPostprocessing = 0;
		};
/* End PBXCopyFilesBuildPhase section */

/* Begin PBXFileReference section */
		561B30052A4880ED00494669 /* Waterful.app */ = {isa = PBXFileReference; explicitFileType = wrapper.application; includeInIndex = 0; path = Waterful.app; sourceTree = BUILT_PRODUCTS_DIR; };
		561B30082A4880ED00494669 /* WaterfulApp.swift */ = {isa = PBXFileReference; lastKnownFileType = sourcecode.swift; path = WaterfulApp.swift; sourceTree = "<group>"; };
		561B300C2A4880EE00494669 /* Assets.xcassets */ = {isa = PBXFileReference; lastKnownFileType = folder.assetcatalog; path = Assets.xcassets; sourceTree = "<group>"; };
		561B300F2A4880EE00494669 /* Preview Assets.xcassets */ = {isa = PBXFileReference; lastKnownFileType = folder.assetcatalog; path = "Preview Assets.xcassets"; sourceTree = "<group>"; };
		564CDC342A4F0D19007AF6E7 /* SignInEmailViewModel.swift */ = {isa = PBXFileReference; lastKnownFileType = sourcecode.swift; path = SignInEmailViewModel.swift; sourceTree = "<group>"; };
		564CDC362A4F0D68007AF6E7 /* PreAuthViewModel.swift */ = {isa = PBXFileReference; lastKnownFileType = sourcecode.swift; path = PreAuthViewModel.swift; sourceTree = "<group>"; };
		564CDC3A2A4F0EC3007AF6E7 /* HomeViewModel.swift */ = {isa = PBXFileReference; lastKnownFileType = sourcecode.swift; path = HomeViewModel.swift; sourceTree = "<group>"; };
		5660315B2A572DFD00F5EDC2 /* SettingsView.swift */ = {isa = PBXFileReference; lastKnownFileType = sourcecode.swift; path = SettingsView.swift; sourceTree = "<group>"; };
		5660315F2A572F7F00F5EDC2 /* MainView.swift */ = {isa = PBXFileReference; lastKnownFileType = sourcecode.swift; path = MainView.swift; sourceTree = "<group>"; };
		566031612A573B7E00F5EDC2 /* SettingsViewModel.swift */ = {isa = PBXFileReference; lastKnownFileType = sourcecode.swift; path = SettingsViewModel.swift; sourceTree = "<group>"; };
		5664DF0A2A4A187A0062FAD2 /* SignInEmailView.swift */ = {isa = PBXFileReference; lastKnownFileType = sourcecode.swift; path = SignInEmailView.swift; sourceTree = "<group>"; };
		5664DF182A4B4E9B0062FAD2 /* SignInWithGoogleHelper.swift */ = {isa = PBXFileReference; lastKnownFileType = sourcecode.swift; path = SignInWithGoogleHelper.swift; sourceTree = "<group>"; };
		5664DF1C2A4B813F0062FAD2 /* GoogleService-Info.plist */ = {isa = PBXFileReference; fileEncoding = 4; lastKnownFileType = text.plist.xml; path = "GoogleService-Info.plist"; sourceTree = "<group>"; };
		5664DF202A4C947A0062FAD2 /* SignInWithAppleHelper.swift */ = {isa = PBXFileReference; lastKnownFileType = sourcecode.swift; path = SignInWithAppleHelper.swift; sourceTree = "<group>"; };
		566E6D802A498B1300ED60DA /* SignUpEmailView.swift */ = {isa = PBXFileReference; lastKnownFileType = sourcecode.swift; path = SignUpEmailView.swift; sourceTree = "<group>"; };
		567082C02AAE251D0033364E /* CustomButton.swift */ = {isa = PBXFileReference; lastKnownFileType = sourcecode.swift; path = CustomButton.swift; sourceTree = "<group>"; };
		567C2D8A2A4CB8EC00F048A3 /* SplashView.swift */ = {isa = PBXFileReference; lastKnownFileType = sourcecode.swift; path = SplashView.swift; sourceTree = "<group>"; };
		568D74252A60357100752955 /* UserManager.swift */ = {isa = PBXFileReference; lastKnownFileType = sourcecode.swift; path = UserManager.swift; sourceTree = "<group>"; };
		568D74302A6304B800752955 /* SignUpViewModel.swift */ = {isa = PBXFileReference; lastKnownFileType = sourcecode.swift; path = SignUpViewModel.swift; sourceTree = "<group>"; };
		568D74342A633C3A00752955 /* Utilities.swift */ = {isa = PBXFileReference; lastKnownFileType = sourcecode.swift; path = Utilities.swift; sourceTree = "<group>"; };
		56B5B70E2A56FF4E0047FB4E /* Waterful.app */ = {isa = PBXFileReference; explicitFileType = wrapper.application; includeInIndex = 0; path = Waterful.app; sourceTree = BUILT_PRODUCTS_DIR; };
		56B5B7102A56FF4E0047FB4E /* WaterfulApp.swift */ = {isa = PBXFileReference; lastKnownFileType = sourcecode.swift; path = WaterfulApp.swift; sourceTree = "<group>"; };
		56B5B7122A56FF4E0047FB4E /* ContentView.swift */ = {isa = PBXFileReference; lastKnownFileType = sourcecode.swift; path = ContentView.swift; sourceTree = "<group>"; };
		56B5B7142A56FF500047FB4E /* Assets.xcassets */ = {isa = PBXFileReference; lastKnownFileType = folder.assetcatalog; path = Assets.xcassets; sourceTree = "<group>"; };
		56B5B7172A56FF500047FB4E /* Preview Assets.xcassets */ = {isa = PBXFileReference; lastKnownFileType = folder.assetcatalog; path = "Preview Assets.xcassets"; sourceTree = "<group>"; };
		56E14EE62A488A8F00967797 /* AuthenticationManager.swift */ = {isa = PBXFileReference; lastKnownFileType = sourcecode.swift; path = AuthenticationManager.swift; sourceTree = "<group>"; };
		56E14EEE2A48A50B00967797 /* PreAuthView.swift */ = {isa = PBXFileReference; lastKnownFileType = sourcecode.swift; path = PreAuthView.swift; sourceTree = "<group>"; wrapsLines = 0; };
		56E14EF22A48B7F700967797 /* PasswordForgetView.swift */ = {isa = PBXFileReference; lastKnownFileType = sourcecode.swift; path = PasswordForgetView.swift; sourceTree = "<group>"; };
		56E14EF42A48B88E00967797 /* HomeView.swift */ = {isa = PBXFileReference; lastKnownFileType = sourcecode.swift; path = HomeView.swift; sourceTree = "<group>"; };
		56E14EF82A48DE2C00967797 /* Waterful.entitlements */ = {isa = PBXFileReference; lastKnownFileType = text.plist.entitlements; path = Waterful.entitlements; sourceTree = "<group>"; };
		56FA6D752AAF07EB00996800 /* PopupView */ = {isa = PBXFileReference; lastKnownFileType = wrapper; name = PopupView; path = ../PopupView; sourceTree = "<group>"; };
/* End PBXFileReference section */

/* Begin PBXFrameworksBuildPhase section */
		561B30022A4880ED00494669 /* Frameworks */ = {
			isa = PBXFrameworksBuildPhase;
			buildActionMask = 2147483647;
			files = (
				56FA6D772AAF07F400996800 /* PopupView in Frameworks */,
				5664DF122A4A31320062FAD2 /* GoogleSignInSwift in Frameworks */,
				56E14EDD2A48834E00967797 /* FirebaseAnalyticsSwift in Frameworks */,
				5664DF102A4A31320062FAD2 /* GoogleSignIn in Frameworks */,
				5664DF252A4C987B0062FAD2 /* FirebaseFirestoreSwift in Frameworks */,
				56E14EE02A4884ED00967797 /* FirebaseAuth in Frameworks */,
				56E14EDB2A48834E00967797 /* FirebaseAnalytics in Frameworks */,
				5664DF232A4C987B0062FAD2 /* FirebaseFirestore in Frameworks */,
			);
			runOnlyForDeploymentPostprocessing = 0;
		};
		56B5B70B2A56FF4E0047FB4E /* Frameworks */ = {
			isa = PBXFrameworksBuildPhase;
			buildActionMask = 2147483647;
			files = (
			);
			runOnlyForDeploymentPostprocessing = 0;
		};
/* End PBXFrameworksBuildPhase section */

/* Begin PBXGroup section */
		561B2FFC2A4880ED00494669 = {
			isa = PBXGroup;
			children = (
				561B30072A4880ED00494669 /* Waterful */,
				56B5B70F2A56FF4E0047FB4E /* Waterful Watch App */,
				561B30062A4880ED00494669 /* Products */,
				56E14EDE2A4884ED00967797 /* Frameworks */,
			);
			sourceTree = "<group>";
		};
		561B30062A4880ED00494669 /* Products */ = {
			isa = PBXGroup;
			children = (
				561B30052A4880ED00494669 /* Waterful.app */,
				56B5B70E2A56FF4E0047FB4E /* Waterful.app */,
			);
			name = Products;
			sourceTree = "<group>";
		};
		561B30072A4880ED00494669 /* Waterful */ = {
			isa = PBXGroup;
			children = (
				56E14EF82A48DE2C00967797 /* Waterful.entitlements */,
				561B30082A4880ED00494669 /* WaterfulApp.swift */,
				564CDC312A4F0C27007AF6E7 /* Core */,
				56E14EE12A48856200967797 /* Authentication */,
				568D74332A633BFC00752955 /* Utilities */,
				568D74242A60350B00752955 /* Firestore */,
				5664DF1C2A4B813F0062FAD2 /* GoogleService-Info.plist */,
				561B300C2A4880EE00494669 /* Assets.xcassets */,
				561B300E2A4880EE00494669 /* Preview Content */,
			);
			path = Waterful;
			sourceTree = "<group>";
		};
		561B300E2A4880EE00494669 /* Preview Content */ = {
			isa = PBXGroup;
			children = (
				561B300F2A4880EE00494669 /* Preview Assets.xcassets */,
			);
			path = "Preview Content";
			sourceTree = "<group>";
		};
		564CDC312A4F0C27007AF6E7 /* Core */ = {
			isa = PBXGroup;
			children = (
				567C2D8A2A4CB8EC00F048A3 /* SplashView.swift */,
				5660315E2A572F6F00F5EDC2 /* Main */,
				5660315D2A572E0300F5EDC2 /* Settings */,
				564CDC392A4F0EAB007AF6E7 /* Home */,
				564CDC382A4F0D6E007AF6E7 /* PreAuth */,
				564CDC332A4F0CF7007AF6E7 /* SignInEmail */,
				564CDC322A4F0CD6007AF6E7 /* PasswordForget */,
				566E6D7D2A498A8B00ED60DA /* SignUpEmail */,
			);
			path = Core;
			sourceTree = "<group>";
		};
		564CDC322A4F0CD6007AF6E7 /* PasswordForget */ = {
			isa = PBXGroup;
			children = (
				56E14EF22A48B7F700967797 /* PasswordForgetView.swift */,
			);
			path = PasswordForget;
			sourceTree = "<group>";
		};
		564CDC332A4F0CF7007AF6E7 /* SignInEmail */ = {
			isa = PBXGroup;
			children = (
				5664DF0A2A4A187A0062FAD2 /* SignInEmailView.swift */,
				564CDC342A4F0D19007AF6E7 /* SignInEmailViewModel.swift */,
			);
			path = SignInEmail;
			sourceTree = "<group>";
		};
		564CDC382A4F0D6E007AF6E7 /* PreAuth */ = {
			isa = PBXGroup;
			children = (
				56E14EEE2A48A50B00967797 /* PreAuthView.swift */,
				564CDC362A4F0D68007AF6E7 /* PreAuthViewModel.swift */,
			);
			path = PreAuth;
			sourceTree = "<group>";
		};
		564CDC392A4F0EAB007AF6E7 /* Home */ = {
			isa = PBXGroup;
			children = (
				56E14EF42A48B88E00967797 /* HomeView.swift */,
				564CDC3A2A4F0EC3007AF6E7 /* HomeViewModel.swift */,
				567082C02AAE251D0033364E /* CustomButton.swift */,
			);
			path = Home;
			sourceTree = "<group>";
		};
		5660315D2A572E0300F5EDC2 /* Settings */ = {
			isa = PBXGroup;
			children = (
				5660315B2A572DFD00F5EDC2 /* SettingsView.swift */,
				566031612A573B7E00F5EDC2 /* SettingsViewModel.swift */,
			);
			path = Settings;
			sourceTree = "<group>";
		};
		5660315E2A572F6F00F5EDC2 /* Main */ = {
			isa = PBXGroup;
			children = (
				5660315F2A572F7F00F5EDC2 /* MainView.swift */,
			);
			path = Main;
			sourceTree = "<group>";
		};
		566E6D7D2A498A8B00ED60DA /* SignUpEmail */ = {
			isa = PBXGroup;
			children = (
				566E6D802A498B1300ED60DA /* SignUpEmailView.swift */,
				568D74302A6304B800752955 /* SignUpViewModel.swift */,
			);
			path = SignUpEmail;
			sourceTree = "<group>";
		};
		568D74242A60350B00752955 /* Firestore */ = {
			isa = PBXGroup;
			children = (
				568D74252A60357100752955 /* UserManager.swift */,
			);
			path = Firestore;
			sourceTree = "<group>";
		};
		568D74332A633BFC00752955 /* Utilities */ = {
			isa = PBXGroup;
			children = (
				568D74342A633C3A00752955 /* Utilities.swift */,
			);
			path = Utilities;
			sourceTree = "<group>";
		};
		56B5B70F2A56FF4E0047FB4E /* Waterful Watch App */ = {
			isa = PBXGroup;
			children = (
				56B5B7102A56FF4E0047FB4E /* WaterfulApp.swift */,
				56B5B7122A56FF4E0047FB4E /* ContentView.swift */,
				56B5B7142A56FF500047FB4E /* Assets.xcassets */,
				56B5B7162A56FF500047FB4E /* Preview Content */,
			);
			path = "Waterful Watch App";
			sourceTree = "<group>";
		};
		56B5B7162A56FF500047FB4E /* Preview Content */ = {
			isa = PBXGroup;
			children = (
				56B5B7172A56FF500047FB4E /* Preview Assets.xcassets */,
			);
			path = "Preview Content";
			sourceTree = "<group>";
		};
		56E14EDE2A4884ED00967797 /* Frameworks */ = {
			isa = PBXGroup;
			children = (
				56FA6D752AAF07EB00996800 /* PopupView */,
			);
			name = Frameworks;
			sourceTree = "<group>";
		};
		56E14EE12A48856200967797 /* Authentication */ = {
			isa = PBXGroup;
			children = (
				56E14EE62A488A8F00967797 /* AuthenticationManager.swift */,
				5664DF202A4C947A0062FAD2 /* SignInWithAppleHelper.swift */,
				5664DF182A4B4E9B0062FAD2 /* SignInWithGoogleHelper.swift */,
			);
			path = Authentication;
			sourceTree = "<group>";
		};
/* End PBXGroup section */

/* Begin PBXNativeTarget section */
		561B30042A4880ED00494669 /* Waterful */ = {
			isa = PBXNativeTarget;
			buildConfigurationList = 561B30132A4880EE00494669 /* Build configuration list for PBXNativeTarget "Waterful" */;
			buildPhases = (
				561B30012A4880ED00494669 /* Sources */,
				561B30022A4880ED00494669 /* Frameworks */,
				561B30032A4880ED00494669 /* Resources */,
				56B5B71F2A56FF500047FB4E /* Embed Watch Content */,
			);
			buildRules = (
			);
			dependencies = (
				56B5B71A2A56FF500047FB4E /* PBXTargetDependency */,
			);
			name = Waterful;
			packageProductDependencies = (
				56E14EDA2A48834E00967797 /* FirebaseAnalytics */,
				56E14EDC2A48834E00967797 /* FirebaseAnalyticsSwift */,
				56E14EDF2A4884ED00967797 /* FirebaseAuth */,
				5664DF0F2A4A31320062FAD2 /* GoogleSignIn */,
				5664DF112A4A31320062FAD2 /* GoogleSignInSwift */,
				5664DF222A4C987B0062FAD2 /* FirebaseFirestore */,
				5664DF242A4C987B0062FAD2 /* FirebaseFirestoreSwift */,
				56FA6D762AAF07F400996800 /* PopupView */,
			);
			productName = Waterful;
			productReference = 561B30052A4880ED00494669 /* Waterful.app */;
			productType = "com.apple.product-type.application";
		};
		56B5B70D2A56FF4E0047FB4E /* Waterful Watch App */ = {
			isa = PBXNativeTarget;
			buildConfigurationList = 56B5B71C2A56FF500047FB4E /* Build configuration list for PBXNativeTarget "Waterful Watch App" */;
			buildPhases = (
				56B5B70A2A56FF4E0047FB4E /* Sources */,
				56B5B70B2A56FF4E0047FB4E /* Frameworks */,
				56B5B70C2A56FF4E0047FB4E /* Resources */,
			);
			buildRules = (
			);
			dependencies = (
			);
			name = "Waterful Watch App";
			productName = "WaterfulWatch Watch App";
			productReference = 56B5B70E2A56FF4E0047FB4E /* Waterful.app */;
			productType = "com.apple.product-type.application";
		};
/* End PBXNativeTarget section */

/* Begin PBXProject section */
		561B2FFD2A4880ED00494669 /* Project object */ = {
			isa = PBXProject;
			attributes = {
				BuildIndependentTargetsInParallel = 1;
				LastSwiftUpdateCheck = 1500;
				LastUpgradeCheck = 1500;
				ORGANIZATIONNAME = "Duncan Conduit";
				TargetAttributes = {
					561B30042A4880ED00494669 = {
						CreatedOnToolsVersion = 15.0;
					};
					56B5B70D2A56FF4E0047FB4E = {
						CreatedOnToolsVersion = 15.0;
					};
				};
			};
			buildConfigurationList = 561B30002A4880ED00494669 /* Build configuration list for PBXProject "Waterful" */;
			compatibilityVersion = "Xcode 14.0";
			developmentRegion = en;
			hasScannedForEncodings = 0;
			knownRegions = (
				en,
				Base,
			);
			mainGroup = 561B2FFC2A4880ED00494669;
			packageReferences = (
				56E14ED92A48834E00967797 /* XCRemoteSwiftPackageReference "firebase-ios-sdk" */,
				5664DF0E2A4A31320062FAD2 /* XCRemoteSwiftPackageReference "GoogleSignIn-iOS" */,
			);
			productRefGroup = 561B30062A4880ED00494669 /* Products */;
			projectDirPath = "";
			projectRoot = "";
			targets = (
				561B30042A4880ED00494669 /* Waterful */,
				56B5B70D2A56FF4E0047FB4E /* Waterful Watch App */,
			);
		};
/* End PBXProject section */

/* Begin PBXResourcesBuildPhase section */
		561B30032A4880ED00494669 /* Resources */ = {
			isa = PBXResourcesBuildPhase;
			buildActionMask = 2147483647;
			files = (
				561B30102A4880EE00494669 /* Preview Assets.xcassets in Resources */,
				5664DF1D2A4B813F0062FAD2 /* GoogleService-Info.plist in Resources */,
				561B300D2A4880EE00494669 /* Assets.xcassets in Resources */,
			);
			runOnlyForDeploymentPostprocessing = 0;
		};
		56B5B70C2A56FF4E0047FB4E /* Resources */ = {
			isa = PBXResourcesBuildPhase;
			buildActionMask = 2147483647;
			files = (
				56B5B7182A56FF500047FB4E /* Preview Assets.xcassets in Resources */,
				56B5B7152A56FF500047FB4E /* Assets.xcassets in Resources */,
			);
			runOnlyForDeploymentPostprocessing = 0;
		};
/* End PBXResourcesBuildPhase section */

/* Begin PBXSourcesBuildPhase section */
		561B30012A4880ED00494669 /* Sources */ = {
			isa = PBXSourcesBuildPhase;
			buildActionMask = 2147483647;
			files = (
				568D74262A60357100752955 /* UserManager.swift in Sources */,
				5660315C2A572DFD00F5EDC2 /* SettingsView.swift in Sources */,
				564CDC372A4F0D68007AF6E7 /* PreAuthViewModel.swift in Sources */,
				567C2D8B2A4CB8EC00F048A3 /* SplashView.swift in Sources */,
				567082C12AAE251D0033364E /* CustomButton.swift in Sources */,
				568D74312A6304B800752955 /* SignUpViewModel.swift in Sources */,
				564CDC3B2A4F0EC3007AF6E7 /* HomeViewModel.swift in Sources */,
				56E14EEF2A48A50B00967797 /* PreAuthView.swift in Sources */,
				564CDC352A4F0D19007AF6E7 /* SignInEmailViewModel.swift in Sources */,
				561B30092A4880ED00494669 /* WaterfulApp.swift in Sources */,
				56E14EF52A48B88E00967797 /* HomeView.swift in Sources */,
				566031622A573B7E00F5EDC2 /* SettingsViewModel.swift in Sources */,
				5664DF0B2A4A187A0062FAD2 /* SignInEmailView.swift in Sources */,
				566031602A572F7F00F5EDC2 /* MainView.swift in Sources */,
				568D74352A633C3A00752955 /* Utilities.swift in Sources */,
				566E6D812A498B1300ED60DA /* SignUpEmailView.swift in Sources */,
				5664DF212A4C947A0062FAD2 /* SignInWithAppleHelper.swift in Sources */,
				5664DF192A4B4E9B0062FAD2 /* SignInWithGoogleHelper.swift in Sources */,
				56E14EF32A48B7F700967797 /* PasswordForgetView.swift in Sources */,
				56E14EE72A488A8F00967797 /* AuthenticationManager.swift in Sources */,
			);
			runOnlyForDeploymentPostprocessing = 0;
		};
		56B5B70A2A56FF4E0047FB4E /* Sources */ = {
			isa = PBXSourcesBuildPhase;
			buildActionMask = 2147483647;
			files = (
				56B5B7132A56FF4E0047FB4E /* ContentView.swift in Sources */,
				56B5B7112A56FF4E0047FB4E /* WaterfulApp.swift in Sources */,
			);
			runOnlyForDeploymentPostprocessing = 0;
		};
/* End PBXSourcesBuildPhase section */

/* Begin PBXTargetDependency section */
		56B5B71A2A56FF500047FB4E /* PBXTargetDependency */ = {
			isa = PBXTargetDependency;
			target = 56B5B70D2A56FF4E0047FB4E /* Waterful Watch App */;
			targetProxy = 56B5B7192A56FF500047FB4E /* PBXContainerItemProxy */;
		};
/* End PBXTargetDependency section */

/* Begin XCBuildConfiguration section */
		561B30112A4880EE00494669 /* Debug */ = {
			isa = XCBuildConfiguration;
			buildSettings = {
				ALWAYS_SEARCH_USER_PATHS = NO;
				ASSETCATALOG_COMPILER_GENERATE_SWIFT_ASSET_SYMBOL_EXTENSIONS = YES;
				CLANG_ANALYZER_NONNULL = YES;
				CLANG_ANALYZER_NUMBER_OBJECT_CONVERSION = YES_AGGRESSIVE;
				CLANG_CXX_LANGUAGE_STANDARD = "gnu++20";
				CLANG_ENABLE_MODULES = YES;
				CLANG_ENABLE_OBJC_ARC = YES;
				CLANG_ENABLE_OBJC_WEAK = YES;
				CLANG_WARN_BLOCK_CAPTURE_AUTORELEASING = YES;
				CLANG_WARN_BOOL_CONVERSION = YES;
				CLANG_WARN_COMMA = YES;
				CLANG_WARN_CONSTANT_CONVERSION = YES;
				CLANG_WARN_DEPRECATED_OBJC_IMPLEMENTATIONS = YES;
				CLANG_WARN_DIRECT_OBJC_ISA_USAGE = YES_ERROR;
				CLANG_WARN_DOCUMENTATION_COMMENTS = YES;
				CLANG_WARN_EMPTY_BODY = YES;
				CLANG_WARN_ENUM_CONVERSION = YES;
				CLANG_WARN_INFINITE_RECURSION = YES;
				CLANG_WARN_INT_CONVERSION = YES;
				CLANG_WARN_NON_LITERAL_NULL_CONVERSION = YES;
				CLANG_WARN_OBJC_IMPLICIT_RETAIN_SELF = YES;
				CLANG_WARN_OBJC_LITERAL_CONVERSION = YES;
				CLANG_WARN_OBJC_ROOT_CLASS = YES_ERROR;
				CLANG_WARN_QUOTED_INCLUDE_IN_FRAMEWORK_HEADER = YES;
				CLANG_WARN_RANGE_LOOP_ANALYSIS = YES;
				CLANG_WARN_STRICT_PROTOTYPES = YES;
				CLANG_WARN_SUSPICIOUS_MOVE = YES;
				CLANG_WARN_UNGUARDED_AVAILABILITY = YES_AGGRESSIVE;
				CLANG_WARN_UNREACHABLE_CODE = YES;
				CLANG_WARN__DUPLICATE_METHOD_MATCH = YES;
				COPY_PHASE_STRIP = NO;
				DEBUG_INFORMATION_FORMAT = dwarf;
				ENABLE_STRICT_OBJC_MSGSEND = YES;
				ENABLE_TESTABILITY = YES;
				ENABLE_USER_SCRIPT_SANDBOXING = YES;
				GCC_C_LANGUAGE_STANDARD = gnu17;
				GCC_DYNAMIC_NO_PIC = NO;
				GCC_NO_COMMON_BLOCKS = YES;
				GCC_OPTIMIZATION_LEVEL = 0;
				GCC_PREPROCESSOR_DEFINITIONS = (
					"DEBUG=1",
					"$(inherited)",
				);
				GCC_WARN_64_TO_32_BIT_CONVERSION = YES;
				GCC_WARN_ABOUT_RETURN_TYPE = YES_ERROR;
				GCC_WARN_UNDECLARED_SELECTOR = YES;
				GCC_WARN_UNINITIALIZED_AUTOS = YES_AGGRESSIVE;
				GCC_WARN_UNUSED_FUNCTION = YES;
				GCC_WARN_UNUSED_VARIABLE = YES;
				IPHONEOS_DEPLOYMENT_TARGET = 17.0;
				LOCALIZATION_PREFERS_STRING_CATALOGS = YES;
				MTL_ENABLE_DEBUG_INFO = INCLUDE_SOURCE;
				MTL_FAST_MATH = YES;
				ONLY_ACTIVE_ARCH = YES;
				SDKROOT = iphoneos;
				SWIFT_ACTIVE_COMPILATION_CONDITIONS = "DEBUG $(inherited)";
				SWIFT_OPTIMIZATION_LEVEL = "-Onone";
			};
			name = Debug;
		};
		561B30122A4880EE00494669 /* Release */ = {
			isa = XCBuildConfiguration;
			buildSettings = {
				ALWAYS_SEARCH_USER_PATHS = NO;
				ASSETCATALOG_COMPILER_GENERATE_SWIFT_ASSET_SYMBOL_EXTENSIONS = YES;
				CLANG_ANALYZER_NONNULL = YES;
				CLANG_ANALYZER_NUMBER_OBJECT_CONVERSION = YES_AGGRESSIVE;
				CLANG_CXX_LANGUAGE_STANDARD = "gnu++20";
				CLANG_ENABLE_MODULES = YES;
				CLANG_ENABLE_OBJC_ARC = YES;
				CLANG_ENABLE_OBJC_WEAK = YES;
				CLANG_WARN_BLOCK_CAPTURE_AUTORELEASING = YES;
				CLANG_WARN_BOOL_CONVERSION = YES;
				CLANG_WARN_COMMA = YES;
				CLANG_WARN_CONSTANT_CONVERSION = YES;
				CLANG_WARN_DEPRECATED_OBJC_IMPLEMENTATIONS = YES;
				CLANG_WARN_DIRECT_OBJC_ISA_USAGE = YES_ERROR;
				CLANG_WARN_DOCUMENTATION_COMMENTS = YES;
				CLANG_WARN_EMPTY_BODY = YES;
				CLANG_WARN_ENUM_CONVERSION = YES;
				CLANG_WARN_INFINITE_RECURSION = YES;
				CLANG_WARN_INT_CONVERSION = YES;
				CLANG_WARN_NON_LITERAL_NULL_CONVERSION = YES;
				CLANG_WARN_OBJC_IMPLICIT_RETAIN_SELF = YES;
				CLANG_WARN_OBJC_LITERAL_CONVERSION = YES;
				CLANG_WARN_OBJC_ROOT_CLASS = YES_ERROR;
				CLANG_WARN_QUOTED_INCLUDE_IN_FRAMEWORK_HEADER = YES;
				CLANG_WARN_RANGE_LOOP_ANALYSIS = YES;
				CLANG_WARN_STRICT_PROTOTYPES = YES;
				CLANG_WARN_SUSPICIOUS_MOVE = YES;
				CLANG_WARN_UNGUARDED_AVAILABILITY = YES_AGGRESSIVE;
				CLANG_WARN_UNREACHABLE_CODE = YES;
				CLANG_WARN__DUPLICATE_METHOD_MATCH = YES;
				COPY_PHASE_STRIP = NO;
				DEBUG_INFORMATION_FORMAT = "dwarf-with-dsym";
				ENABLE_NS_ASSERTIONS = NO;
				ENABLE_STRICT_OBJC_MSGSEND = YES;
				ENABLE_USER_SCRIPT_SANDBOXING = YES;
				GCC_C_LANGUAGE_STANDARD = gnu17;
				GCC_NO_COMMON_BLOCKS = YES;
				GCC_WARN_64_TO_32_BIT_CONVERSION = YES;
				GCC_WARN_ABOUT_RETURN_TYPE = YES_ERROR;
				GCC_WARN_UNDECLARED_SELECTOR = YES;
				GCC_WARN_UNINITIALIZED_AUTOS = YES_AGGRESSIVE;
				GCC_WARN_UNUSED_FUNCTION = YES;
				GCC_WARN_UNUSED_VARIABLE = YES;
				IPHONEOS_DEPLOYMENT_TARGET = 17.0;
				LOCALIZATION_PREFERS_STRING_CATALOGS = YES;
				MTL_ENABLE_DEBUG_INFO = NO;
				MTL_FAST_MATH = YES;
				SDKROOT = iphoneos;
				SWIFT_COMPILATION_MODE = wholemodule;
				VALIDATE_PRODUCT = YES;
			};
			name = Release;
		};
		561B30142A4880EE00494669 /* Debug */ = {
			isa = XCBuildConfiguration;
			buildSettings = {
				ALWAYS_EMBED_SWIFT_STANDARD_LIBRARIES = YES;
				ASSETCATALOG_COMPILER_APPICON_NAME = AppIcon;
				ASSETCATALOG_COMPILER_GLOBAL_ACCENT_COLOR_NAME = AccentColor;
				ASSETCATALOG_COMPILER_INCLUDE_ALL_APPICON_ASSETS = NO;
				CODE_SIGN_ENTITLEMENTS = Waterful/Waterful.entitlements;
				CODE_SIGN_IDENTITY = "Apple Development";
				CODE_SIGN_STYLE = Automatic;
				CURRENT_PROJECT_VERSION = 1;
				DEVELOPMENT_ASSET_PATHS = "\"Waterful/Preview Content\"";
				DEVELOPMENT_TEAM = WT4C7S8W4Q;
				ENABLE_ON_DEMAND_RESOURCES = YES;
				ENABLE_PREVIEWS = YES;
				GENERATE_INFOPLIST_FILE = YES;
				INFOPLIST_FILE = Waterful/Info.plist;
				INFOPLIST_KEY_CFBundleDisplayName = Waterful;
				INFOPLIST_KEY_LSApplicationCategoryType = "public.app-category.healthcare-fitness";
				INFOPLIST_KEY_UIApplicationSceneManifest_Generation = YES;
				INFOPLIST_KEY_UIApplicationSupportsIndirectInputEvents = YES;
				INFOPLIST_KEY_UILaunchScreen_Generation = YES;
				INFOPLIST_KEY_UISupportedInterfaceOrientations_iPad = "UIInterfaceOrientationPortrait UIInterfaceOrientationPortraitUpsideDown UIInterfaceOrientationLandscapeLeft UIInterfaceOrientationLandscapeRight";
				INFOPLIST_KEY_UISupportedInterfaceOrientations_iPhone = "UIInterfaceOrientationPortrait UIInterfaceOrientationLandscapeLeft UIInterfaceOrientationLandscapeRight";
				IPHONEOS_DEPLOYMENT_TARGET = 17.0;
				LD_RUNPATH_SEARCH_PATHS = (
					"$(inherited)",
					"@executable_path/Frameworks",
				);
				MARKETING_VERSION = 1.0;
				PRODUCT_BUNDLE_IDENTIFIER = com.duncanconduit.waterful;
				PRODUCT_NAME = "$(TARGET_NAME)";
				PROVISIONING_PROFILE_SPECIFIER = "";
				SUPPORTED_PLATFORMS = "iphoneos iphonesimulator";
				SUPPORTS_MACCATALYST = NO;
				SUPPORTS_MAC_DESIGNED_FOR_IPHONE_IPAD = YES;
				SUPPORTS_XR_DESIGNED_FOR_IPHONE_IPAD = NO;
				SWIFT_EMIT_LOC_STRINGS = YES;
				SWIFT_VERSION = 5.0;
				TARGETED_DEVICE_FAMILY = 1;
			};
			name = Debug;
		};
		561B30152A4880EE00494669 /* Release */ = {
			isa = XCBuildConfiguration;
			buildSettings = {
				ALWAYS_EMBED_SWIFT_STANDARD_LIBRARIES = YES;
				ASSETCATALOG_COMPILER_APPICON_NAME = AppIcon;
				ASSETCATALOG_COMPILER_GLOBAL_ACCENT_COLOR_NAME = AccentColor;
				ASSETCATALOG_COMPILER_INCLUDE_ALL_APPICON_ASSETS = NO;
				CODE_SIGN_ENTITLEMENTS = Waterful/Waterful.entitlements;
				CODE_SIGN_IDENTITY = "Apple Development";
				CODE_SIGN_STYLE = Automatic;
				CURRENT_PROJECT_VERSION = 1;
				DEVELOPMENT_ASSET_PATHS = "\"Waterful/Preview Content\"";
				DEVELOPMENT_TEAM = WT4C7S8W4Q;
				ENABLE_ON_DEMAND_RESOURCES = YES;
				ENABLE_PREVIEWS = YES;
				"EXCLUDED_ARCHS[sdk=*]" = "";
				GENERATE_INFOPLIST_FILE = YES;
				INFOPLIST_FILE = Waterful/Info.plist;
				INFOPLIST_KEY_CFBundleDisplayName = Waterful;
				INFOPLIST_KEY_LSApplicationCategoryType = "public.app-category.healthcare-fitness";
				INFOPLIST_KEY_UIApplicationSceneManifest_Generation = YES;
				INFOPLIST_KEY_UIApplicationSupportsIndirectInputEvents = YES;
				INFOPLIST_KEY_UILaunchScreen_Generation = YES;
				INFOPLIST_KEY_UISupportedInterfaceOrientations_iPad = "UIInterfaceOrientationPortrait UIInterfaceOrientationPortraitUpsideDown UIInterfaceOrientationLandscapeLeft UIInterfaceOrientationLandscapeRight";
				INFOPLIST_KEY_UISupportedInterfaceOrientations_iPhone = "UIInterfaceOrientationPortrait UIInterfaceOrientationLandscapeLeft UIInterfaceOrientationLandscapeRight";
				IPHONEOS_DEPLOYMENT_TARGET = 17.0;
				LD_RUNPATH_SEARCH_PATHS = (
					"$(inherited)",
					"@executable_path/Frameworks",
				);
				MARKETING_VERSION = 1.0;
				PRODUCT_BUNDLE_IDENTIFIER = com.duncanconduit.waterful;
				PRODUCT_NAME = "$(TARGET_NAME)";
				PROVISIONING_PROFILE_SPECIFIER = "";
				SUPPORTED_PLATFORMS = "iphoneos iphonesimulator";
				SUPPORTS_MACCATALYST = NO;
				SUPPORTS_MAC_DESIGNED_FOR_IPHONE_IPAD = YES;
				SUPPORTS_XR_DESIGNED_FOR_IPHONE_IPAD = NO;
				SWIFT_EMIT_LOC_STRINGS = YES;
				SWIFT_VERSION = 5.0;
				TARGETED_DEVICE_FAMILY = 1;
			};
			name = Release;
		};
		56B5B71D2A56FF500047FB4E /* Debug */ = {
			isa = XCBuildConfiguration;
			buildSettings = {
				ASSETCATALOG_COMPILER_APPICON_NAME = AppIcon;
				ASSETCATALOG_COMPILER_GLOBAL_ACCENT_COLOR_NAME = AccentColor;
				CODE_SIGN_IDENTITY = "Apple Development";
				CODE_SIGN_STYLE = Automatic;
				CURRENT_PROJECT_VERSION = 1;
				DEVELOPMENT_ASSET_PATHS = "Waterful\\ Watch\\ App/Preview\\ Content";
				DEVELOPMENT_TEAM = WT4C7S8W4Q;
				ENABLE_PREVIEWS = YES;
				GENERATE_INFOPLIST_FILE = YES;
				INFOPLIST_KEY_UISupportedInterfaceOrientations = "UIInterfaceOrientationPortrait UIInterfaceOrientationPortraitUpsideDown";
				INFOPLIST_KEY_WKCompanionAppBundleIdentifier = com.duncanconduit.waterful;
				LD_RUNPATH_SEARCH_PATHS = (
					"$(inherited)",
					"@executable_path/Frameworks",
				);
				MARKETING_VERSION = 1.0;
				PRODUCT_BUNDLE_IDENTIFIER = com.duncanconduit.waterful.watchkitapp;
				PRODUCT_NAME = Waterful;
				SDKROOT = watchos;
				SKIP_INSTALL = YES;
				SWIFT_EMIT_LOC_STRINGS = YES;
				SWIFT_VERSION = 5.0;
				TARGETED_DEVICE_FAMILY = 4;
				WATCHOS_DEPLOYMENT_TARGET = 9.4;
			};
			name = Debug;
		};
		56B5B71E2A56FF500047FB4E /* Release */ = {
			isa = XCBuildConfiguration;
			buildSettings = {
				ASSETCATALOG_COMPILER_APPICON_NAME = AppIcon;
				ASSETCATALOG_COMPILER_GLOBAL_ACCENT_COLOR_NAME = AccentColor;
				CODE_SIGN_IDENTITY = "Apple Development";
				CODE_SIGN_STYLE = Automatic;
				CURRENT_PROJECT_VERSION = 1;
				DEVELOPMENT_ASSET_PATHS = "Waterful\\ Watch\\ App/Preview\\ Content";
				DEVELOPMENT_TEAM = WT4C7S8W4Q;
				ENABLE_PREVIEWS = YES;
				GENERATE_INFOPLIST_FILE = YES;
				INFOPLIST_KEY_UISupportedInterfaceOrientations = "UIInterfaceOrientationPortrait UIInterfaceOrientationPortraitUpsideDown";
				INFOPLIST_KEY_WKCompanionAppBundleIdentifier = com.duncanconduit.waterful;
				LD_RUNPATH_SEARCH_PATHS = (
					"$(inherited)",
					"@executable_path/Frameworks",
				);
				MARKETING_VERSION = 1.0;
				PRODUCT_BUNDLE_IDENTIFIER = com.duncanconduit.waterful.watchkitapp;
				PRODUCT_NAME = Waterful;
				SDKROOT = watchos;
				SKIP_INSTALL = YES;
				SWIFT_EMIT_LOC_STRINGS = YES;
				SWIFT_VERSION = 5.0;
				TARGETED_DEVICE_FAMILY = 4;
				WATCHOS_DEPLOYMENT_TARGET = 9.4;
			};
			name = Release;
		};
/* End XCBuildConfiguration section */

/* Begin XCConfigurationList section */
		561B30002A4880ED00494669 /* Build configuration list for PBXProject "Waterful" */ = {
			isa = XCConfigurationList;
			buildConfigurations = (
				561B30112A4880EE00494669 /* Debug */,
				561B30122A4880EE00494669 /* Release */,
			);
			defaultConfigurationIsVisible = 0;
			defaultConfigurationName = Release;
		};
		561B30132A4880EE00494669 /* Build configuration list for PBXNativeTarget "Waterful" */ = {
			isa = XCConfigurationList;
			buildConfigurations = (
				561B30142A4880EE00494669 /* Debug */,
				561B30152A4880EE00494669 /* Release */,
			);
			defaultConfigurationIsVisible = 0;
			defaultConfigurationName = Release;
		};
		56B5B71C2A56FF500047FB4E /* Build configuration list for PBXNativeTarget "Waterful Watch App" */ = {
			isa = XCConfigurationList;
			buildConfigurations = (
				56B5B71D2A56FF500047FB4E /* Debug */,
				56B5B71E2A56FF500047FB4E /* Release */,
			);
			defaultConfigurationIsVisible = 0;
			defaultConfigurationName = Release;
		};
/* End XCConfigurationList section */

/* Begin XCRemoteSwiftPackageReference section */
		5664DF0E2A4A31320062FAD2 /* XCRemoteSwiftPackageReference "GoogleSignIn-iOS" */ = {
			isa = XCRemoteSwiftPackageReference;
			repositoryURL = "https://github.com/google/GoogleSignIn-iOS";
			requirement = {
				kind = upToNextMajorVersion;
				minimumVersion = 7.0.0;
			};
		};
		56E14ED92A48834E00967797 /* XCRemoteSwiftPackageReference "firebase-ios-sdk" */ = {
			isa = XCRemoteSwiftPackageReference;
			repositoryURL = "https://github.com/firebase/firebase-ios-sdk";
			requirement = {
				kind = exactVersion;
				version = 10.11.0;
			};
		};
/* End XCRemoteSwiftPackageReference section */

/* Begin XCSwiftPackageProductDependency section */
		5664DF0F2A4A31320062FAD2 /* GoogleSignIn */ = {
			isa = XCSwiftPackageProductDependency;
			package = 5664DF0E2A4A31320062FAD2 /* XCRemoteSwiftPackageReference "GoogleSignIn-iOS" */;
			productName = GoogleSignIn;
		};
		5664DF112A4A31320062FAD2 /* GoogleSignInSwift */ = {
			isa = XCSwiftPackageProductDependency;
			package = 5664DF0E2A4A31320062FAD2 /* XCRemoteSwiftPackageReference "GoogleSignIn-iOS" */;
			productName = GoogleSignInSwift;
		};
		5664DF222A4C987B0062FAD2 /* FirebaseFirestore */ = {
			isa = XCSwiftPackageProductDependency;
			package = 56E14ED92A48834E00967797 /* XCRemoteSwiftPackageReference "firebase-ios-sdk" */;
			productName = FirebaseFirestore;
		};
		5664DF242A4C987B0062FAD2 /* FirebaseFirestoreSwift */ = {
			isa = XCSwiftPackageProductDependency;
			package = 56E14ED92A48834E00967797 /* XCRemoteSwiftPackageReference "firebase-ios-sdk" */;
			productName = FirebaseFirestoreSwift;
		};
		56E14EDA2A48834E00967797 /* FirebaseAnalytics */ = {
			isa = XCSwiftPackageProductDependency;
			package = 56E14ED92A48834E00967797 /* XCRemoteSwiftPackageReference "firebase-ios-sdk" */;
			productName = FirebaseAnalytics;
		};
		56E14EDC2A48834E00967797 /* FirebaseAnalyticsSwift */ = {
			isa = XCSwiftPackageProductDependency;
			package = 56E14ED92A48834E00967797 /* XCRemoteSwiftPackageReference "firebase-ios-sdk" */;
			productName = FirebaseAnalyticsSwift;
		};
		56E14EDF2A4884ED00967797 /* FirebaseAuth */ = {
			isa = XCSwiftPackageProductDependency;
			package = 56E14ED92A48834E00967797 /* XCRemoteSwiftPackageReference "firebase-ios-sdk" */;
			productName = FirebaseAuth;
		};
		56FA6D762AAF07F400996800 /* PopupView */ = {
			isa = XCSwiftPackageProductDependency;
			productName = PopupView;
		};
/* End XCSwiftPackageProductDependency section */
	};
	rootObject = 561B2FFD2A4880ED00494669 /* Project object */;
}
